{
    "_readme": [
        "This file locks the dependencies of your project to a known state",
        "Read more about it at https://getcomposer.org/doc/01-basic-usage.md#composer-lock-the-lock-file",
        "This file is @generated automatically"
    ],
    "hash": "45d65cb4f2bdba5eb763a4401ea422a3",
    "packages": [
        {
            "name": "nikic/php-parser",
            "version": "v1.3.0",
            "source": {
                "type": "git",
                "url": "https://github.com/nikic/PHP-Parser.git",
                "reference": "dff239267fd1befa1cd40430c9ed12591aa720ca"
            },
            "dist": {
                "type": "zip",
                "url": "https://api.github.com/repos/nikic/PHP-Parser/zipball/dff239267fd1befa1cd40430c9ed12591aa720ca",
                "reference": "dff239267fd1befa1cd40430c9ed12591aa720ca",
                "shasum": ""
            },
            "require": {
                "ext-tokenizer": "*",
                "php": ">=5.3"
            },
            "type": "library",
            "extra": {
                "branch-alias": {
                    "dev-master": "1.3-dev"
                }
            },
            "autoload": {
                "files": [
                    "lib/bootstrap.php"
                ]
            },
            "notification-url": "https://packagist.org/downloads/",
            "license": [
                "BSD-3-Clause"
            ],
            "authors": [
                {
                    "name": "Nikita Popov"
                }
            ],
            "description": "A PHP parser written in PHP",
            "keywords": [
                "parser",
                "php"
            ],
            "time": "2015-05-02 15:40:40"
        },
        {
            "name": "phploc/phploc",
            "version": "2.1.3",
            "source": {
                "type": "git",
                "url": "https://github.com/sebastianbergmann/phploc.git",
                "reference": "ab893cbe5c4b63760b1560b370fedc001eb5717f"
            },
            "dist": {
                "type": "zip",
                "url": "https://api.github.com/repos/sebastianbergmann/phploc/zipball/ab893cbe5c4b63760b1560b370fedc001eb5717f",
                "reference": "ab893cbe5c4b63760b1560b370fedc001eb5717f",
                "shasum": ""
            },
            "require": {
                "php": ">=5.3.3",
                "sebastian/finder-facade": "~1.1",
                "sebastian/git": "~2.0",
                "sebastian/version": "~1.0.3",
                "symfony/console": "~2.5"
            },
            "require-dev": {
                "phpunit/phpunit": "~4"
            },
            "bin": [
                "phploc"
            ],
            "type": "library",
            "extra": {
                "branch-alias": {
                    "dev-master": "2.1-dev"
                }
            },
            "autoload": {
                "classmap": [
                    "src/"
                ]
            },
            "notification-url": "https://packagist.org/downloads/",
            "license": [
                "BSD-3-Clause"
            ],
            "authors": [
                {
                    "name": "Sebastian Bergmann",
                    "email": "sebastian@phpunit.de",
                    "role": "lead"
                }
            ],
            "description": "A tool for quickly measuring the size of a PHP project.",
            "homepage": "https://github.com/sebastianbergmann/phploc",
            "time": "2015-06-04 13:18:14"
        },
        {
            "name": "sebastian/finder-facade",
            "version": "1.2.0",
            "source": {
                "type": "git",
                "url": "https://github.com/sebastianbergmann/finder-facade.git",
                "reference": "a520dcc3dd39160eea480daa3426f4fd419a327b"
            },
            "dist": {
                "type": "zip",
                "url": "https://api.github.com/repos/sebastianbergmann/finder-facade/zipball/a520dcc3dd39160eea480daa3426f4fd419a327b",
                "reference": "a520dcc3dd39160eea480daa3426f4fd419a327b",
                "shasum": ""
            },
            "require": {
                "symfony/finder": "~2.3",
                "theseer/fdomdocument": "~1.3"
            },
            "type": "library",
            "autoload": {
                "classmap": [
                    "src/"
                ]
            },
            "notification-url": "https://packagist.org/downloads/",
            "license": [
                "BSD-3-Clause"
            ],
            "authors": [
                {
                    "name": "Sebastian Bergmann",
                    "email": "sebastian@phpunit.de",
                    "role": "lead"
                }
            ],
            "description": "FinderFacade is a convenience wrapper for Symfony's Finder component.",
            "homepage": "https://github.com/sebastianbergmann/finder-facade",
            "time": "2015-06-04 08:11:58"
        },
        {
            "name": "sebastian/git",
            "version": "2.0.1",
            "source": {
                "type": "git",
                "url": "https://github.com/sebastianbergmann/git.git",
                "reference": "2d5c139d0eedcb9e67e0e9ca08023be6e9b7b47b"
            },
            "dist": {
                "type": "zip",
                "url": "https://api.github.com/repos/sebastianbergmann/git/zipball/2d5c139d0eedcb9e67e0e9ca08023be6e9b7b47b",
                "reference": "2d5c139d0eedcb9e67e0e9ca08023be6e9b7b47b",
                "shasum": ""
            },
            "require": {
                "php": ">=5.3.3"
            },
            "type": "library",
            "extra": {
                "branch-alias": {
                    "dev-master": "2.0-dev"
                }
            },
            "autoload": {
                "classmap": [
                    "src/"
                ]
            },
            "notification-url": "https://packagist.org/downloads/",
            "license": [
                "BSD-3-Clause"
            ],
            "authors": [
                {
                    "name": "Sebastian Bergmann",
                    "email": "sebastian@phpunit.de"
                }
            ],
            "description": "Simple wrapper for Git",
            "homepage": "http://www.github.com/sebastianbergmann/git",
            "keywords": [
                "git"
            ],
            "time": "2015-04-06 16:23:43"
        },
        {
            "name": "sebastian/version",
            "version": "1.0.6",
            "source": {
                "type": "git",
                "url": "https://github.com/sebastianbergmann/version.git",
                "reference": "58b3a85e7999757d6ad81c787a1fbf5ff6c628c6"
            },
            "dist": {
                "type": "zip",
                "url": "https://api.github.com/repos/sebastianbergmann/version/zipball/58b3a85e7999757d6ad81c787a1fbf5ff6c628c6",
                "reference": "58b3a85e7999757d6ad81c787a1fbf5ff6c628c6",
                "shasum": ""
            },
            "type": "library",
            "autoload": {
                "classmap": [
                    "src/"
                ]
            },
            "notification-url": "https://packagist.org/downloads/",
            "license": [
                "BSD-3-Clause"
            ],
            "authors": [
                {
                    "name": "Sebastian Bergmann",
                    "email": "sebastian@phpunit.de",
                    "role": "lead"
                }
            ],
            "description": "Library that helps with managing the version number of Git-hosted PHP projects",
            "homepage": "https://github.com/sebastianbergmann/version",
            "time": "2015-06-21 13:59:46"
        },
        {
            "name": "symfony/console",
            "version": "v2.7.1",
            "source": {
                "type": "git",
                "url": "https://github.com/symfony/Console.git",
                "reference": "564398bc1f33faf92fc2ec86859983d30eb81806"
            },
            "dist": {
                "type": "zip",
                "url": "https://api.github.com/repos/symfony/Console/zipball/564398bc1f33faf92fc2ec86859983d30eb81806",
                "reference": "564398bc1f33faf92fc2ec86859983d30eb81806",
                "shasum": ""
            },
            "require": {
                "php": ">=5.3.9"
            },
            "require-dev": {
                "psr/log": "~1.0",
                "symfony/event-dispatcher": "~2.1",
                "symfony/phpunit-bridge": "~2.7",
                "symfony/process": "~2.1"
            },
            "suggest": {
                "psr/log": "For using the console logger",
                "symfony/event-dispatcher": "",
                "symfony/process": ""
            },
            "type": "library",
            "extra": {
                "branch-alias": {
                    "dev-master": "2.7-dev"
                }
            },
            "autoload": {
                "psr-4": {
                    "Symfony\\Component\\Console\\": ""
                }
            },
            "notification-url": "https://packagist.org/downloads/",
            "license": [
                "MIT"
            ],
            "authors": [
                {
                    "name": "Fabien Potencier",
                    "email": "fabien@symfony.com"
                },
                {
                    "name": "Symfony Community",
                    "homepage": "https://symfony.com/contributors"
                }
            ],
            "description": "Symfony Console Component",
            "homepage": "https://symfony.com",
            "time": "2015-06-10 15:30:22"
        },
        {
            "name": "symfony/finder",
            "version": "v2.7.1",
            "source": {
                "type": "git",
                "url": "https://github.com/symfony/Finder.git",
                "reference": "c13a40d638aeede1e8400f8c956c7f9246c05f75"
            },
            "dist": {
                "type": "zip",
                "url": "https://api.github.com/repos/symfony/Finder/zipball/c13a40d638aeede1e8400f8c956c7f9246c05f75",
                "reference": "c13a40d638aeede1e8400f8c956c7f9246c05f75",
                "shasum": ""
            },
            "require": {
                "php": ">=5.3.9"
            },
            "require-dev": {
                "symfony/phpunit-bridge": "~2.7"
            },
            "type": "library",
            "extra": {
                "branch-alias": {
                    "dev-master": "2.7-dev"
                }
            },
            "autoload": {
                "psr-4": {
                    "Symfony\\Component\\Finder\\": ""
                }
            },
            "notification-url": "https://packagist.org/downloads/",
            "license": [
                "MIT"
            ],
            "authors": [
                {
                    "name": "Fabien Potencier",
                    "email": "fabien@symfony.com"
                },
                {
                    "name": "Symfony Community",
                    "homepage": "https://symfony.com/contributors"
                }
            ],
            "description": "Symfony Finder Component",
            "homepage": "https://symfony.com",
            "time": "2015-06-04 20:11:48"
        },
        {
            "name": "theseer/fdomdocument",
            "version": "1.6.1",
            "source": {
                "type": "git",
                "url": "https://github.com/theseer/fDOMDocument.git",
                "reference": "d9ad139d6c2e8edf5e313ffbe37ff13344cf0684"
            },
            "dist": {
                "type": "zip",
                "url": "https://api.github.com/repos/theseer/fDOMDocument/zipball/d9ad139d6c2e8edf5e313ffbe37ff13344cf0684",
                "reference": "d9ad139d6c2e8edf5e313ffbe37ff13344cf0684",
                "shasum": ""
            },
            "require": {
                "ext-dom": "*",
                "lib-libxml": "*",
                "php": ">=5.3.3"
            },
            "type": "library",
            "autoload": {
                "classmap": [
                    "src/"
                ]
            },
            "notification-url": "https://packagist.org/downloads/",
            "license": [
                "BSD-3-Clause"
            ],
            "authors": [
                {
                    "name": "Arne Blankerts",
                    "email": "arne@blankerts.de",
                    "role": "lead"
                }
            ],
            "description": "The classes contained within this repository extend the standard DOM to use exceptions at all occasions of errors instead of PHP warnings or notices. They also add various custom methods and shortcuts for convenience and to simplify the usage of DOM.",
            "homepage": "https://github.com/theseer/fDOMDocument",
            "time": "2015-05-27 22:58:02"
        }
    ],
    "packages-dev": [],
    "aliases": [],
    "minimum-stability": "stable",
    "stability-flags": [],
    "prefer-stable": false,
    "prefer-lowest": false,
    "platform": [],
    "platform-dev": []
}
